
Microsoft Visual Studio Solution File, Format Version 12.00
# Visual Studio Version 17
VisualStudioVersion = 17.0.32112.339
MinimumVisualStudioVersion = 10.0.40219.1
Project("{9A19103F-16F7-4668-BE54-9A1E7A4F7556}") = "LittleWitchTranslate", "LittleWitchTranslate.csproj", "{37802C3F-2EAA-4128-A297-6D9098443CF2}"
EndProject
Project("{FAE04EC0-301F-11D3-BF4B-00C04F79EFBC}") = "TranslatorPlugin", "TranslatorPlugin\TranslatorPlugin.csproj", "{621B1B1D-21AA-403B-866A-062E2EC70228}"
EndProject
Project("{9A19103F-16F7-4668-BE54-9A1E7A4F7556}") = "ModManagerGUI", "..\ModManagerGUI\ModManagerGUI.csproj", "{C9F1394C-5F57-4289-8037-C94CA4905CB5}"
EndProject
Global
	GlobalSection(SolutionConfigurationPlatforms) = preSolution
		Debug|Any CPU = Debug|Any CPU
		Debug|Arm64 = Debug|Arm64
		Debug|x64 = Debug|x64
		Debug|x86 = Debug|x86
		Linux|Any CPU = Linux|Any CPU
		Linux|Arm64 = Linux|Arm64
		Linux|x64 = Linux|x64
		Linux|x86 = Linux|x86
		MacOS|Any CPU = MacOS|Any CPU
		MacOS|Arm64 = MacOS|Arm64
		MacOS|x64 = MacOS|x64
		MacOS|x86 = MacOS|x86
		Release|Any CPU = Release|Any CPU
		Release|Arm64 = Release|Arm64
		Release|x64 = Release|x64
		Release|x86 = Release|x86
		Windows|Any CPU = Windows|Any CPU
		Windows|Arm64 = Windows|Arm64
		Windows|x64 = Windows|x64
		Windows|x86 = Windows|x86
	EndGlobalSection
	GlobalSection(ProjectConfigurationPlatforms) = postSolution
		{37802C3F-2EAA-4128-A297-6D9098443CF2}.Debug|Any CPU.ActiveCfg = Debug|Any CPU
		{37802C3F-2EAA-4128-A297-6D9098443CF2}.Debug|Any CPU.Build.0 = Debug|Any CPU
		{37802C3F-2EAA-4128-A297-6D9098443CF2}.Debug|Arm64.ActiveCfg = Debug|Arm64
		{37802C3F-2EAA-4128-A297-6D9098443CF2}.Debug|Arm64.Build.0 = Debug|Arm64
		{37802C3F-2EAA-4128-A297-6D9098443CF2}.Debug|x64.ActiveCfg = Debug|x64
		{37802C3F-2EAA-4128-A297-6D9098443CF2}.Debug|x64.Build.0 = Debug|x64
		{37802C3F-2EAA-4128-A297-6D9098443CF2}.Debug|x86.ActiveCfg = Debug|x86
		{37802C3F-2EAA-4128-A297-6D9098443CF2}.Debug|x86.Build.0 = Debug|x86
		{37802C3F-2EAA-4128-A297-6D9098443CF2}.Linux|Any CPU.ActiveCfg = Release|Any CPU
		{37802C3F-2EAA-4128-A297-6D9098443CF2}.Linux|Arm64.ActiveCfg = Release|Arm64
		{37802C3F-2EAA-4128-A297-6D9098443CF2}.Linux|x64.ActiveCfg = Linux|x64
		{37802C3F-2EAA-4128-A297-6D9098443CF2}.Linux|x64.Build.0 = Linux|x64
		{37802C3F-2EAA-4128-A297-6D9098443CF2}.Linux|x86.ActiveCfg = Linux|x86
		{37802C3F-2EAA-4128-A297-6D9098443CF2}.Linux|x86.Build.0 = Linux|x86
		{37802C3F-2EAA-4128-A297-6D9098443CF2}.MacOS|Any CPU.ActiveCfg = Release|Any CPU
		{37802C3F-2EAA-4128-A297-6D9098443CF2}.MacOS|Arm64.ActiveCfg = MacOS|Arm64
		{37802C3F-2EAA-4128-A297-6D9098443CF2}.MacOS|Arm64.Build.0 = MacOS|Arm64
		{37802C3F-2EAA-4128-A297-6D9098443CF2}.MacOS|x64.ActiveCfg = MacOS|x64
		{37802C3F-2EAA-4128-A297-6D9098443CF2}.MacOS|x64.Build.0 = MacOS|x64
		{37802C3F-2EAA-4128-A297-6D9098443CF2}.MacOS|x86.ActiveCfg = Debug|x86
		{37802C3F-2EAA-4128-A297-6D9098443CF2}.Release|Any CPU.ActiveCfg = Release|Any CPU
		{37802C3F-2EAA-4128-A297-6D9098443CF2}.Release|Any CPU.Build.0 = Release|Any CPU
		{37802C3F-2EAA-4128-A297-6D9098443CF2}.Release|Arm64.ActiveCfg = Release|Arm64
		{37802C3F-2EAA-4128-A297-6D9098443CF2}.Release|Arm64.Build.0 = Release|Arm64
		{37802C3F-2EAA-4128-A297-6D9098443CF2}.Release|x64.ActiveCfg = Release|x64
		{37802C3F-2EAA-4128-A297-6D9098443CF2}.Release|x64.Build.0 = Release|x64
		{37802C3F-2EAA-4128-A297-6D9098443CF2}.Release|x86.ActiveCfg = Release|x86
		{37802C3F-2EAA-4128-A297-6D9098443CF2}.Release|x86.Build.0 = Release|x86
		{37802C3F-2EAA-4128-A297-6D9098443CF2}.Windows|Any CPU.ActiveCfg = Release|Any CPU
		{37802C3F-2EAA-4128-A297-6D9098443CF2}.Windows|Arm64.ActiveCfg = Release|Arm64
		{37802C3F-2EAA-4128-A297-6D9098443CF2}.Windows|x64.ActiveCfg = Windows|x64
		{37802C3F-2EAA-4128-A297-6D9098443CF2}.Windows|x64.Build.0 = Windows|x64
		{37802C3F-2EAA-4128-A297-6D9098443CF2}.Windows|x86.ActiveCfg = Windows|x86
		{37802C3F-2EAA-4128-A297-6D9098443CF2}.Windows|x86.Build.0 = Windows|x86
		{621B1B1D-21AA-403B-866A-062E2EC70228}.Debug|Any CPU.ActiveCfg = Debug|Any CPU
		{621B1B1D-21AA-403B-866A-062E2EC70228}.Debug|Any CPU.Build.0 = Debug|Any CPU
		{621B1B1D-21AA-403B-866A-062E2EC70228}.Debug|Arm64.ActiveCfg = Debug|Arm64
		{621B1B1D-21AA-403B-866A-062E2EC70228}.Debug|Arm64.Build.0 = Debug|Arm64
		{621B1B1D-21AA-403B-866A-062E2EC70228}.Debug|x64.ActiveCfg = Debug|x64
		{621B1B1D-21AA-403B-866A-062E2EC70228}.Debug|x64.Build.0 = Debug|x64
		{621B1B1D-21AA-403B-866A-062E2EC70228}.Debug|x86.ActiveCfg = Debug|x86
		{621B1B1D-21AA-403B-866A-062E2EC70228}.Debug|x86.Build.0 = Debug|x86
		{621B1B1D-21AA-403B-866A-062E2EC70228}.Linux|Any CPU.ActiveCfg = Release|Any CPU
		{621B1B1D-21AA-403B-866A-062E2EC70228}.Linux|Arm64.ActiveCfg = Release|Any CPU
		{621B1B1D-21AA-403B-866A-062E2EC70228}.Linux|x64.ActiveCfg = Release|Any CPU
		{621B1B1D-21AA-403B-866A-062E2EC70228}.Linux|x64.Build.0 = Release|Any CPU
		{621B1B1D-21AA-403B-866A-062E2EC70228}.Linux|x86.ActiveCfg = Release|Any CPU
		{621B1B1D-21AA-403B-866A-062E2EC70228}.Linux|x86.Build.0 = Release|Any CPU
		{621B1B1D-21AA-403B-866A-062E2EC70228}.MacOS|Any CPU.ActiveCfg = Release|Any CPU
		{621B1B1D-21AA-403B-866A-062E2EC70228}.MacOS|Arm64.ActiveCfg = Release|Any CPU
		{621B1B1D-21AA-403B-866A-062E2EC70228}.MacOS|Arm64.Build.0 = Release|Any CPU
		{621B1B1D-21AA-403B-866A-062E2EC70228}.MacOS|x64.ActiveCfg = Release|Any CPU
		{621B1B1D-21AA-403B-866A-062E2EC70228}.MacOS|x64.Build.0 = Release|Any CPU
		{621B1B1D-21AA-403B-866A-062E2EC70228}.MacOS|x86.ActiveCfg = Debug|Any CPU
		{621B1B1D-21AA-403B-866A-062E2EC70228}.Release|Any CPU.ActiveCfg = Release|Any CPU
		{621B1B1D-21AA-403B-866A-062E2EC70228}.Release|Any CPU.Build.0 = Release|Any CPU
		{621B1B1D-21AA-403B-866A-062E2EC70228}.Release|Arm64.ActiveCfg = Release|Arm64
		{621B1B1D-21AA-403B-866A-062E2EC70228}.Release|Arm64.Build.0 = Release|Arm64
		{621B1B1D-21AA-403B-866A-062E2EC70228}.Release|x64.ActiveCfg = Release|x64
		{621B1B1D-21AA-403B-866A-062E2EC70228}.Release|x64.Build.0 = Release|x64
		{621B1B1D-21AA-403B-866A-062E2EC70228}.Release|x86.ActiveCfg = Release|x86
		{621B1B1D-21AA-403B-866A-062E2EC70228}.Release|x86.Build.0 = Release|x86
		{621B1B1D-21AA-403B-866A-062E2EC70228}.Windows|Any CPU.ActiveCfg = Release|Any CPU
		{621B1B1D-21AA-403B-866A-062E2EC70228}.Windows|Arm64.ActiveCfg = Release|Arm64
		{621B1B1D-21AA-403B-866A-062E2EC70228}.Windows|x64.ActiveCfg = Release|x64
		{621B1B1D-21AA-403B-866A-062E2EC70228}.Windows|x64.Build.0 = Release|x64
		{621B1B1D-21AA-403B-866A-062E2EC70228}.Windows|x86.ActiveCfg = Release|x86
		{621B1B1D-21AA-403B-866A-062E2EC70228}.Windows|x86.Build.0 = Release|x86
		{C9F1394C-5F57-4289-8037-C94CA4905CB5}.Debug|Any CPU.ActiveCfg = Debug|Any CPU
		{C9F1394C-5F57-4289-8037-C94CA4905CB5}.Debug|Any CPU.Build.0 = Debug|Any CPU
		{C9F1394C-5F57-4289-8037-C94CA4905CB5}.Debug|Arm64.ActiveCfg = Debug|Arm64
		{C9F1394C-5F57-4289-8037-C94CA4905CB5}.Debug|Arm64.Build.0 = Debug|Arm64
		{C9F1394C-5F57-4289-8037-C94CA4905CB5}.Debug|x64.ActiveCfg = Debug|x64
		{C9F1394C-5F57-4289-8037-C94CA4905CB5}.Debug|x64.Build.0 = Debug|x64
		{C9F1394C-5F57-4289-8037-C94CA4905CB5}.Debug|x86.ActiveCfg = Debug|x86
		{C9F1394C-5F57-4289-8037-C94CA4905CB5}.Debug|x86.Build.0 = Debug|x86
		{C9F1394C-5F57-4289-8037-C94CA4905CB5}.Linux|Any CPU.ActiveCfg = LinuxX64|Any CPU
		{C9F1394C-5F57-4289-8037-C94CA4905CB5}.Linux|Arm64.ActiveCfg = LinuxX64|Arm64
		{C9F1394C-5F57-4289-8037-C94CA4905CB5}.Linux|x64.ActiveCfg = Linux|x64
		{C9F1394C-5F57-4289-8037-C94CA4905CB5}.Linux|x64.Build.0 = Linux|x64
		{C9F1394C-5F57-4289-8037-C94CA4905CB5}.Linux|x86.ActiveCfg = LinuxX64|x86
		{C9F1394C-5F57-4289-8037-C94CA4905CB5}.Linux|x86.Build.0 = LinuxX64|x86
		{C9F1394C-5F57-4289-8037-C94CA4905CB5}.MacOS|Any CPU.ActiveCfg = MacOS-Arm64|Any CPU
		{C9F1394C-5F57-4289-8037-C94CA4905CB5}.MacOS|Arm64.ActiveCfg = MacOS|Arm64
		{C9F1394C-5F57-4289-8037-C94CA4905CB5}.MacOS|Arm64.Build.0 = MacOS|Arm64
		{C9F1394C-5F57-4289-8037-C94CA4905CB5}.MacOS|x64.ActiveCfg = MacOS|x64
		{C9F1394C-5F57-4289-8037-C94CA4905CB5}.MacOS|x64.Build.0 = MacOS|x64
		{C9F1394C-5F57-4289-8037-C94CA4905CB5}.MacOS|x86.ActiveCfg = MacOS-Arm64|x86
		{C9F1394C-5F57-4289-8037-C94CA4905CB5}.Release|Any CPU.ActiveCfg = Release|Any CPU
		{C9F1394C-5F57-4289-8037-C94CA4905CB5}.Release|Any CPU.Build.0 = Release|Any CPU
		{C9F1394C-5F57-4289-8037-C94CA4905CB5}.Release|Arm64.ActiveCfg = Release|Arm64
		{C9F1394C-5F57-4289-8037-C94CA4905CB5}.Release|Arm64.Build.0 = Release|Arm64
		{C9F1394C-5F57-4289-8037-C94CA4905CB5}.Release|x64.ActiveCfg = Release|x64
		{C9F1394C-5F57-4289-8037-C94CA4905CB5}.Release|x86.ActiveCfg = Release|x86
		{C9F1394C-5F57-4289-8037-C94CA4905CB5}.Windows|Any CPU.ActiveCfg = WindowsX64|Any CPU
		{C9F1394C-5F57-4289-8037-C94CA4905CB5}.Windows|Arm64.ActiveCfg = WindowsX64|Arm64
		{C9F1394C-5F57-4289-8037-C94CA4905CB5}.Windows|x64.ActiveCfg = Windows|x64
		{C9F1394C-5F57-4289-8037-C94CA4905CB5}.Windows|x64.Build.0 = Windows|x64
		{C9F1394C-5F57-4289-8037-C94CA4905CB5}.Windows|x86.ActiveCfg = WindowsX64|x86
		{C9F1394C-5F57-4289-8037-C94CA4905CB5}.Windows|x86.Build.0 = WindowsX64|x86
	EndGlobalSection
	GlobalSection(SolutionProperties) = preSolution
		HideSolutionNode = FALSE
	EndGlobalSection
	GlobalSection(ExtensibilityGlobals) = postSolution
		SolutionGuid = {21DA1DDA-5425-4094-B5AD-2984836A8041}
	EndGlobalSection
EndGlobal
